
Microsoft Visual Studio Solution File, Format Version 12.00
# Visual Studio 15
VisualStudioVersion = 15.0.28307.421
MinimumVisualStudioVersion = 10.0.40219.1
Project("{FAE04EC0-301F-11D3-BF4B-00C04F79EFBC}") = "Step137Exercise2", "Step137Exercise2\Step137Exercise2.csproj", "{3FDE02B2-D399-454C-AB3D-F1A88ECB9AAE}"
EndProject
Global
	GlobalSection(SolutionConfigurationPlatforms) = preSolution
		Debug|Any CPU = Debug|Any CPU
		Release|Any CPU = Release|Any CPU
	EndGlobalSection
	GlobalSection(ProjectConfigurationPlatforms) = postSolution
		{3FDE02B2-D399-454C-AB3D-F1A88ECB9AAE}.Debug|Any CPU.ActiveCfg = Debug|Any CPU
		{3FDE02B2-D399-454C-AB3D-F1A88ECB9AAE}.Debug|Any CPU.Build.0 = Debug|Any CPU
		{3FDE02B2-D399-454C-AB3D-F1A88ECB9AAE}.Release|Any CPU.ActiveCfg = Release|Any CPU
		{3FDE02B2-D399-454C-AB3D-F1A88ECB9AAE}.Release|Any CPU.Build.0 = Release|Any CPU
	EndGlobalSection
	GlobalSection(SolutionProperties) = preSolution
		HideSolutionNode = FALSE
	EndGlobalSection
	GlobalSection(ExtensibilityGlobals) = postSolution
		SolutionGuid = {2D5C1581-8F21-4947-BB34-61FDF870303E}
	EndGlobalSection
EndGlobal
