
Microsoft Visual Studio Solution File, Format Version 12.00
# Visual Studio 15
VisualStudioVersion = 15.0.28307.421
MinimumVisualStudioVersion = 10.0.40219.1
Project("{FAE04EC0-301F-11D3-BF4B-00C04F79EFBC}") = "Step127Video", "Step127Video\Step127Video.csproj", "{03316680-86B9-4EA3-8703-3C87D93D4555}"
EndProject
Global
	GlobalSection(SolutionConfigurationPlatforms) = preSolution
		Debug|Any CPU = Debug|Any CPU
		Release|Any CPU = Release|Any CPU
	EndGlobalSection
	GlobalSection(ProjectConfigurationPlatforms) = postSolution
		{03316680-86B9-4EA3-8703-3C87D93D4555}.Debug|Any CPU.ActiveCfg = Debug|Any CPU
		{03316680-86B9-4EA3-8703-3C87D93D4555}.Debug|Any CPU.Build.0 = Debug|Any CPU
		{03316680-86B9-4EA3-8703-3C87D93D4555}.Release|Any CPU.ActiveCfg = Release|Any CPU
		{03316680-86B9-4EA3-8703-3C87D93D4555}.Release|Any CPU.Build.0 = Release|Any CPU
	EndGlobalSection
	GlobalSection(SolutionProperties) = preSolution
		HideSolutionNode = FALSE
	EndGlobalSection
	GlobalSection(ExtensibilityGlobals) = postSolution
		SolutionGuid = {64671A50-C8FE-43C2-9A90-957A313B7ACE}
	EndGlobalSection
EndGlobal
