
Microsoft Visual Studio Solution File, Format Version 12.00
# Visual Studio 15
VisualStudioVersion = 15.0.28307.421
MinimumVisualStudioVersion = 10.0.40219.1
Project("{FAE04EC0-301F-11D3-BF4B-00C04F79EFBC}") = "Step110Video", "Step110Video\Step110Video.csproj", "{A21411DE-7935-4B15-8089-188EDDF0C935}"
EndProject
Global
	GlobalSection(SolutionConfigurationPlatforms) = preSolution
		Debug|Any CPU = Debug|Any CPU
		Release|Any CPU = Release|Any CPU
	EndGlobalSection
	GlobalSection(ProjectConfigurationPlatforms) = postSolution
		{A21411DE-7935-4B15-8089-188EDDF0C935}.Debug|Any CPU.ActiveCfg = Debug|Any CPU
		{A21411DE-7935-4B15-8089-188EDDF0C935}.Debug|Any CPU.Build.0 = Debug|Any CPU
		{A21411DE-7935-4B15-8089-188EDDF0C935}.Release|Any CPU.ActiveCfg = Release|Any CPU
		{A21411DE-7935-4B15-8089-188EDDF0C935}.Release|Any CPU.Build.0 = Release|Any CPU
	EndGlobalSection
	GlobalSection(SolutionProperties) = preSolution
		HideSolutionNode = FALSE
	EndGlobalSection
	GlobalSection(ExtensibilityGlobals) = postSolution
		SolutionGuid = {E7C86F39-1279-4603-AA31-59DBF8BED56D}
	EndGlobalSection
EndGlobal
