
Microsoft Visual Studio Solution File, Format Version 12.00
# Visual Studio 15
VisualStudioVersion = 15.0.28307.421
MinimumVisualStudioVersion = 10.0.40219.1
Project("{FAE04EC0-301F-11D3-BF4B-00C04F79EFBC}") = "MathAndComparisonOperators", "MathAndComparisonOperators\MathAndComparisonOperators.csproj", "{0639D9F9-430D-4D70-8A72-2A767A66540A}"
EndProject
Global
	GlobalSection(SolutionConfigurationPlatforms) = preSolution
		Debug|Any CPU = Debug|Any CPU
		Release|Any CPU = Release|Any CPU
	EndGlobalSection
	GlobalSection(ProjectConfigurationPlatforms) = postSolution
		{0639D9F9-430D-4D70-8A72-2A767A66540A}.Debug|Any CPU.ActiveCfg = Debug|Any CPU
		{0639D9F9-430D-4D70-8A72-2A767A66540A}.Debug|Any CPU.Build.0 = Debug|Any CPU
		{0639D9F9-430D-4D70-8A72-2A767A66540A}.Release|Any CPU.ActiveCfg = Release|Any CPU
		{0639D9F9-430D-4D70-8A72-2A767A66540A}.Release|Any CPU.Build.0 = Release|Any CPU
	EndGlobalSection
	GlobalSection(SolutionProperties) = preSolution
		HideSolutionNode = FALSE
	EndGlobalSection
	GlobalSection(ExtensibilityGlobals) = postSolution
		SolutionGuid = {24870CA9-E6C6-4A9D-A2D7-5D7F63F0C806}
	EndGlobalSection
EndGlobal
