
Microsoft Visual Studio Solution File, Format Version 12.00
# Visual Studio 15
VisualStudioVersion = 15.0.28307.421
MinimumVisualStudioVersion = 10.0.40219.1
Project("{FAE04EC0-301F-11D3-BF4B-00C04F79EFBC}") = "ConsoleApp1", "ConsoleApp1\ConsoleApp1.csproj", "{CF55277A-F478-4B66-BE31-3E60A9A570DF}"
EndProject
Global
	GlobalSection(SolutionConfigurationPlatforms) = preSolution
		Debug|Any CPU = Debug|Any CPU
		Release|Any CPU = Release|Any CPU
	EndGlobalSection
	GlobalSection(ProjectConfigurationPlatforms) = postSolution
		{CF55277A-F478-4B66-BE31-3E60A9A570DF}.Debug|Any CPU.ActiveCfg = Debug|Any CPU
		{CF55277A-F478-4B66-BE31-3E60A9A570DF}.Debug|Any CPU.Build.0 = Debug|Any CPU
		{CF55277A-F478-4B66-BE31-3E60A9A570DF}.Release|Any CPU.ActiveCfg = Release|Any CPU
		{CF55277A-F478-4B66-BE31-3E60A9A570DF}.Release|Any CPU.Build.0 = Release|Any CPU
	EndGlobalSection
	GlobalSection(SolutionProperties) = preSolution
		HideSolutionNode = FALSE
	EndGlobalSection
	GlobalSection(ExtensibilityGlobals) = postSolution
		SolutionGuid = {F6BD2805-6DA1-449B-A0E5-72BC198D4D66}
	EndGlobalSection
EndGlobal
